
Microsoft Visual Studio Solution File, Format Version 12.00
# Visual Studio 15
VisualStudioVersion = 15.0.27703.2047
MinimumVisualStudioVersion = 10.0.40219.1
Project("{FAE04EC0-301F-11D3-BF4B-00C04F79EFBC}") = "CollectionManager.Desktop", "CollectionManagerDesktop\CollectionManager.Desktop.csproj", "{532B686D-39FC-4BCB-B512-B439A85AFE18}"
EndProject
Project("{FAE04EC0-301F-11D3-BF4B-00C04F79EFBC}") = "CollectionManager.Data", "CollectionManagerData\CollectionManager.Data.csproj", "{04C8B698-4FAE-4909-A509-94B39E5F917D}"
EndProject
Project("{FAE04EC0-301F-11D3-BF4B-00C04F79EFBC}") = "CollectionManager.Web", "CollectionManager.Web\CollectionManager.Web.csproj", "{FD0B0861-575C-4637-95AD-642F77E86E16}"
EndProject
Global
	GlobalSection(SolutionConfigurationPlatforms) = preSolution
		Debug|Any CPU = Debug|Any CPU
		Release|Any CPU = Release|Any CPU
	EndGlobalSection
	GlobalSection(ProjectConfigurationPlatforms) = postSolution
		{532B686D-39FC-4BCB-B512-B439A85AFE18}.Debug|Any CPU.ActiveCfg = Debug|Any CPU
		{532B686D-39FC-4BCB-B512-B439A85AFE18}.Debug|Any CPU.Build.0 = Debug|Any CPU
		{532B686D-39FC-4BCB-B512-B439A85AFE18}.Release|Any CPU.ActiveCfg = Release|Any CPU
		{532B686D-39FC-4BCB-B512-B439A85AFE18}.Release|Any CPU.Build.0 = Release|Any CPU
		{04C8B698-4FAE-4909-A509-94B39E5F917D}.Debug|Any CPU.ActiveCfg = Debug|Any CPU
		{04C8B698-4FAE-4909-A509-94B39E5F917D}.Debug|Any CPU.Build.0 = Debug|Any CPU
		{04C8B698-4FAE-4909-A509-94B39E5F917D}.Release|Any CPU.ActiveCfg = Release|Any CPU
		{04C8B698-4FAE-4909-A509-94B39E5F917D}.Release|Any CPU.Build.0 = Release|Any CPU
		{FD0B0861-575C-4637-95AD-642F77E86E16}.Debug|Any CPU.ActiveCfg = Debug|Any CPU
		{FD0B0861-575C-4637-95AD-642F77E86E16}.Debug|Any CPU.Build.0 = Debug|Any CPU
		{FD0B0861-575C-4637-95AD-642F77E86E16}.Release|Any CPU.ActiveCfg = Release|Any CPU
		{FD0B0861-575C-4637-95AD-642F77E86E16}.Release|Any CPU.Build.0 = Release|Any CPU
	EndGlobalSection
	GlobalSection(SolutionProperties) = preSolution
		HideSolutionNode = FALSE
	EndGlobalSection
	GlobalSection(ExtensibilityGlobals) = postSolution
		SolutionGuid = {5E340CF8-908C-4E8D-B26F-B3664E6A84F7}
	EndGlobalSection
EndGlobal
